
Microsoft Visual Studio Solution File, Format Version 12.00
# Visual Studio Version 17
VisualStudioVersion = 17.7.34003.232
MinimumVisualStudioVersion = 10.0.40219.1
Project("{9A19103F-16F7-4668-BE54-9A1E7A4F7556}") = "TTT.PersonalTool.Server", "Server\TTT.PersonalTool.Server.csproj", "{457F8B9F-CA30-42A7-8E34-9352740BD6BC}"
EndProject
Project("{9A19103F-16F7-4668-BE54-9A1E7A4F7556}") = "TTT.PersonalTool.Client", "Client\TTT.PersonalTool.Client.csproj", "{4D857E8C-DCCD-4FAF-9993-B1DC787078CB}"
EndProject
Project("{9A19103F-16F7-4668-BE54-9A1E7A4F7556}") = "TTT.PersonalTool.Shared", "Shared\TTT.PersonalTool.Shared.csproj", "{E9EAF987-DD61-45DD-8531-A82EB7C4FC9B}"
EndProject
Project("{9A19103F-16F7-4668-BE54-9A1E7A4F7556}") = "TTT.Framework", "TTT.Framework\TTT.Framework.csproj", "{DFB4FFC0-6EA8-4A30-960F-68BEB0D8606B}"
EndProject
Project("{9A19103F-16F7-4668-BE54-9A1E7A4F7556}") = "TTT.Framework.Component", "TTT.FrameWork.Component\TTT.Framework.Component.csproj", "{2F9D06D0-4108-4358-A9EB-A5AE4958246B}"
EndProject
Project("{FAE04EC0-301F-11D3-BF4B-00C04F79EFBC}") = "TTT.Framework.Shared", "TTT.Framework.Shared\TTT.Framework.Shared.csproj", "{5880D26D-A04A-4CB8-9DD2-E36CF0298716}"
EndProject
Global
	GlobalSection(SolutionConfigurationPlatforms) = preSolution
		Debug|Any CPU = Debug|Any CPU
		Release|Any CPU = Release|Any CPU
	EndGlobalSection
	GlobalSection(ProjectConfigurationPlatforms) = postSolution
		{457F8B9F-CA30-42A7-8E34-9352740BD6BC}.Debug|Any CPU.ActiveCfg = Debug|Any CPU
		{457F8B9F-CA30-42A7-8E34-9352740BD6BC}.Debug|Any CPU.Build.0 = Debug|Any CPU
		{457F8B9F-CA30-42A7-8E34-9352740BD6BC}.Release|Any CPU.ActiveCfg = Release|Any CPU
		{457F8B9F-CA30-42A7-8E34-9352740BD6BC}.Release|Any CPU.Build.0 = Release|Any CPU
		{4D857E8C-DCCD-4FAF-9993-B1DC787078CB}.Debug|Any CPU.ActiveCfg = Debug|Any CPU
		{4D857E8C-DCCD-4FAF-9993-B1DC787078CB}.Debug|Any CPU.Build.0 = Debug|Any CPU
		{4D857E8C-DCCD-4FAF-9993-B1DC787078CB}.Release|Any CPU.ActiveCfg = Release|Any CPU
		{4D857E8C-DCCD-4FAF-9993-B1DC787078CB}.Release|Any CPU.Build.0 = Release|Any CPU
		{E9EAF987-DD61-45DD-8531-A82EB7C4FC9B}.Debug|Any CPU.ActiveCfg = Debug|Any CPU
		{E9EAF987-DD61-45DD-8531-A82EB7C4FC9B}.Debug|Any CPU.Build.0 = Debug|Any CPU
		{E9EAF987-DD61-45DD-8531-A82EB7C4FC9B}.Release|Any CPU.ActiveCfg = Release|Any CPU
		{E9EAF987-DD61-45DD-8531-A82EB7C4FC9B}.Release|Any CPU.Build.0 = Release|Any CPU
		{DFB4FFC0-6EA8-4A30-960F-68BEB0D8606B}.Debug|Any CPU.ActiveCfg = Debug|Any CPU
		{DFB4FFC0-6EA8-4A30-960F-68BEB0D8606B}.Debug|Any CPU.Build.0 = Debug|Any CPU
		{DFB4FFC0-6EA8-4A30-960F-68BEB0D8606B}.Release|Any CPU.ActiveCfg = Release|Any CPU
		{DFB4FFC0-6EA8-4A30-960F-68BEB0D8606B}.Release|Any CPU.Build.0 = Release|Any CPU
		{2F9D06D0-4108-4358-A9EB-A5AE4958246B}.Debug|Any CPU.ActiveCfg = Debug|Any CPU
		{2F9D06D0-4108-4358-A9EB-A5AE4958246B}.Debug|Any CPU.Build.0 = Debug|Any CPU
		{2F9D06D0-4108-4358-A9EB-A5AE4958246B}.Release|Any CPU.ActiveCfg = Release|Any CPU
		{2F9D06D0-4108-4358-A9EB-A5AE4958246B}.Release|Any CPU.Build.0 = Release|Any CPU
		{5880D26D-A04A-4CB8-9DD2-E36CF0298716}.Debug|Any CPU.ActiveCfg = Debug|Any CPU
		{5880D26D-A04A-4CB8-9DD2-E36CF0298716}.Debug|Any CPU.Build.0 = Debug|Any CPU
		{5880D26D-A04A-4CB8-9DD2-E36CF0298716}.Release|Any CPU.ActiveCfg = Release|Any CPU
		{5880D26D-A04A-4CB8-9DD2-E36CF0298716}.Release|Any CPU.Build.0 = Release|Any CPU
	EndGlobalSection
	GlobalSection(SolutionProperties) = preSolution
		HideSolutionNode = FALSE
	EndGlobalSection
	GlobalSection(ExtensibilityGlobals) = postSolution
		SolutionGuid = {0CC8D7B1-D82E-4490-A595-12AB9D8EAB7C}
	EndGlobalSection
EndGlobal
